// !$*UTF8*$!
{
	archiveVersion = 1;
	classes = {
	};
	objectVersion = 56;
	objects = {

/* Begin PBXBuildFile section */
		584E87BB2A3D10F200AE02BC /* Jokes in Frameworks */ = {isa = PBXBuildFile; productRef = 584E87BA2A3D10F200AE02BC /* Jokes */; };
		58582D292A5073AC00B227ED /* ViewModelFactory.swift in Sources */ = {isa = PBXBuildFile; fileRef = 58582D282A5073AC00B227ED /* ViewModelFactory.swift */; };
		58582D2B2A50740900B227ED /* AppJokesViewViewModel.swift in Sources */ = {isa = PBXBuildFile; fileRef = 58582D2A2A50740900B227ED /* AppJokesViewViewModel.swift */; };
		58582D2E2A50747100B227ED /* ViewFactory.swift in Sources */ = {isa = PBXBuildFile; fileRef = 58582D2D2A50747100B227ED /* ViewFactory.swift */; };
		58A8255E2A60A1AE006A8FF1 /* PreviewJokesViewViewModel.swift in Sources */ = {isa = PBXBuildFile; fileRef = 58A8255D2A60A1AE006A8FF1 /* PreviewJokesViewViewModel.swift */; };
		58A9976C2A425A2D00453026 /* AppContainer.swift in Sources */ = {isa = PBXBuildFile; fileRef = 58A9976B2A425A2D00453026 /* AppContainer.swift */; };
		58A997752A425F7D00453026 /* JokesView in Frameworks */ = {isa = PBXBuildFile; productRef = 58A997742A425F7D00453026 /* JokesView */; };
		58A997772A425F7D00453026 /* RequestMaker in Frameworks */ = {isa = PBXBuildFile; productRef = 58A997762A425F7D00453026 /* RequestMaker */; };
		58A9977B2A436B4300453026 /* AppJokesViewViewModelTests.swift in Sources */ = {isa = PBXBuildFile; fileRef = 58A9977A2A436B4300453026 /* AppJokesViewViewModelTests.swift */; };
		58C427042A14F9EA000C3F56 /* JokeGeneratorApp.swift in Sources */ = {isa = PBXBuildFile; fileRef = 58C427032A14F9EA000C3F56 /* JokeGeneratorApp.swift */; };
		58C427062A14F9EA000C3F56 /* ContentView.swift in Sources */ = {isa = PBXBuildFile; fileRef = 58C427052A14F9EA000C3F56 /* ContentView.swift */; };
		58C427082A14F9F4000C3F56 /* Assets.xcassets in Resources */ = {isa = PBXBuildFile; fileRef = 58C427072A14F9F4000C3F56 /* Assets.xcassets */; };
		58C4270B2A14F9F4000C3F56 /* Preview Assets.xcassets in Resources */ = {isa = PBXBuildFile; fileRef = 58C4270A2A14F9F4000C3F56 /* Preview Assets.xcassets */; };
		58E308262A16DE7800C500E5 /* RequestMaker in Resources */ = {isa = PBXBuildFile; fileRef = 58E308242A16DE7800C500E5 /* RequestMaker */; };
		58E308272A16DE7800C500E5 /* Jokes in Resources */ = {isa = PBXBuildFile; fileRef = 58E308252A16DE7800C500E5 /* Jokes */; };
/* End PBXBuildFile section */

/* Begin PBXContainerItemProxy section */
		58C427112A14F9F5000C3F56 /* PBXContainerItemProxy */ = {
			isa = PBXContainerItemProxy;
			containerPortal = 58C426F82A14F9E9000C3F56 /* Project object */;
			proxyType = 1;
			remoteGlobalIDString = 58C426FF2A14F9EA000C3F56;
			remoteInfo = SwiftUIAndTDDExample;
		};
/* End PBXContainerItemProxy section */

/* Begin PBXFileReference section */
		584E87BC2A40E59400AE02BC /* JokeGenerator.xctestplan */ = {isa = PBXFileReference; lastKnownFileType = text; path = JokeGenerator.xctestplan; sourceTree = "<group>"; };
		58582D282A5073AC00B227ED /* ViewModelFactory.swift */ = {isa = PBXFileReference; lastKnownFileType = sourcecode.swift; path = ViewModelFactory.swift; sourceTree = "<group>"; };
		58582D2A2A50740900B227ED /* AppJokesViewViewModel.swift */ = {isa = PBXFileReference; lastKnownFileType = sourcecode.swift; path = AppJokesViewViewModel.swift; sourceTree = "<group>"; };
		58582D2D2A50747100B227ED /* ViewFactory.swift */ = {isa = PBXFileReference; lastKnownFileType = sourcecode.swift; path = ViewFactory.swift; sourceTree = "<group>"; };
		58A8255D2A60A1AE006A8FF1 /* PreviewJokesViewViewModel.swift */ = {isa = PBXFileReference; lastKnownFileType = sourcecode.swift; path = PreviewJokesViewViewModel.swift; sourceTree = "<group>"; };
		58A9976B2A425A2D00453026 /* AppContainer.swift */ = {isa = PBXFileReference; lastKnownFileType = sourcecode.swift; path = AppContainer.swift; sourceTree = "<group>"; };
		58A9976F2A425B7600453026 /* JokesView */ = {isa = PBXFileReference; lastKnownFileType = wrapper; path = JokesView; sourceTree = "<group>"; };
		58A9977A2A436B4300453026 /* AppJokesViewViewModelTests.swift */ = {isa = PBXFileReference; lastKnownFileType = sourcecode.swift; path = AppJokesViewViewModelTests.swift; sourceTree = "<group>"; };
		58C427002A14F9EA000C3F56 /* JokeGenerator.app */ = {isa = PBXFileReference; explicitFileType = wrapper.application; includeInIndex = 0; path = JokeGenerator.app; sourceTree = BUILT_PRODUCTS_DIR; };
		58C427032A14F9EA000C3F56 /* JokeGeneratorApp.swift */ = {isa = PBXFileReference; lastKnownFileType = sourcecode.swift; path = JokeGeneratorApp.swift; sourceTree = "<group>"; };
		58C427052A14F9EA000C3F56 /* ContentView.swift */ = {isa = PBXFileReference; lastKnownFileType = sourcecode.swift; path = ContentView.swift; sourceTree = "<group>"; };
		58C427072A14F9F4000C3F56 /* Assets.xcassets */ = {isa = PBXFileReference; lastKnownFileType = folder.assetcatalog; path = Assets.xcassets; sourceTree = "<group>"; };
		58C4270A2A14F9F4000C3F56 /* Preview Assets.xcassets */ = {isa = PBXFileReference; lastKnownFileType = folder.assetcatalog; path = "Preview Assets.xcassets"; sourceTree = "<group>"; };
		58C427102A14F9F5000C3F56 /* JokeGeneratorTests.xctest */ = {isa = PBXFileReference; explicitFileType = wrapper.cfbundle; includeInIndex = 0; path = JokeGeneratorTests.xctest; sourceTree = BUILT_PRODUCTS_DIR; };
		58E308242A16DE7800C500E5 /* RequestMaker */ = {isa = PBXFileReference; lastKnownFileType = wrapper; path = RequestMaker; sourceTree = "<group>"; };
		58E308252A16DE7800C500E5 /* Jokes */ = {isa = PBXFileReference; lastKnownFileType = wrapper; path = Jokes; sourceTree = "<group>"; };
/* End PBXFileReference section */

/* Begin PBXFrameworksBuildPhase section */
		58C426FD2A14F9EA000C3F56 /* Frameworks */ = {
			isa = PBXFrameworksBuildPhase;
			buildActionMask = 2147483647;
			files = (
				58A997752A425F7D00453026 /* JokesView in Frameworks */,
				58A997772A425F7D00453026 /* RequestMaker in Frameworks */,
				584E87BB2A3D10F200AE02BC /* Jokes in Frameworks */,
			);
			runOnlyForDeploymentPostprocessing = 0;
		};
		58C4270D2A14F9F5000C3F56 /* Frameworks */ = {
			isa = PBXFrameworksBuildPhase;
			buildActionMask = 2147483647;
			files = (
			);
			runOnlyForDeploymentPostprocessing = 0;
		};
/* End PBXFrameworksBuildPhase section */

/* Begin PBXGroup section */
		584E87B92A3D10F200AE02BC /* Frameworks */ = {
			isa = PBXGroup;
			children = (
			);
			name = Frameworks;
			sourceTree = "<group>";
		};
		58582D272A50739500B227ED /* ViewModel */ = {
			isa = PBXGroup;
			children = (
				58582D2A2A50740900B227ED /* AppJokesViewViewModel.swift */,
				58582D282A5073AC00B227ED /* ViewModelFactory.swift */,
			);
			path = ViewModel;
			sourceTree = "<group>";
		};
		58582D2C2A50746500B227ED /* View */ = {
			isa = PBXGroup;
			children = (
				58582D2D2A50747100B227ED /* ViewFactory.swift */,
			);
			path = View;
			sourceTree = "<group>";
		};
		58A9976A2A425A1700453026 /* Container */ = {
			isa = PBXGroup;
			children = (
				58A9976B2A425A2D00453026 /* AppContainer.swift */,
			);
			path = Container;
			sourceTree = "<group>";
		};
		58C426F72A14F9E9000C3F56 = {
			isa = PBXGroup;
			children = (
				58E308232A16DE7800C500E5 /* Modules */,
				584E87B92A3D10F200AE02BC /* Frameworks */,
				58C427022A14F9EA000C3F56 /* JokeGenerator */,
				584E87BC2A40E59400AE02BC /* JokeGenerator.xctestplan */,
				58C427132A14F9F5000C3F56 /* JokeGeneratorTests */,
				58C427012A14F9EA000C3F56 /* Products */,
			);
			sourceTree = "<group>";
		};
		58C427012A14F9EA000C3F56 /* Products */ = {
			isa = PBXGroup;
			children = (
				58C427002A14F9EA000C3F56 /* JokeGenerator.app */,
				58C427102A14F9F5000C3F56 /* JokeGeneratorTests.xctest */,
			);
			name = Products;
			sourceTree = "<group>";
		};
		58C427022A14F9EA000C3F56 /* JokeGenerator */ = {
			isa = PBXGroup;
			children = (
				58582D2C2A50746500B227ED /* View */,
				58582D272A50739500B227ED /* ViewModel */,
				58A9976A2A425A1700453026 /* Container */,
				58C427032A14F9EA000C3F56 /* JokeGeneratorApp.swift */,
				58C427052A14F9EA000C3F56 /* ContentView.swift */,
				58C427072A14F9F4000C3F56 /* Assets.xcassets */,
				58C427092A14F9F4000C3F56 /* Preview Content */,
			);
			path = JokeGenerator;
			sourceTree = "<group>";
		};
		58C427092A14F9F4000C3F56 /* Preview Content */ = {
			isa = PBXGroup;
			children = (
				58C4270A2A14F9F4000C3F56 /* Preview Assets.xcassets */,
				58A8255D2A60A1AE006A8FF1 /* PreviewJokesViewViewModel.swift */,
			);
			path = "Preview Content";
			sourceTree = "<group>";
		};
		58C427132A14F9F5000C3F56 /* JokeGeneratorTests */ = {
			isa = PBXGroup;
			children = (
				58A9977A2A436B4300453026 /* AppJokesViewViewModelTests.swift */,
			);
			path = JokeGeneratorTests;
			sourceTree = "<group>";
		};
		58E308232A16DE7800C500E5 /* Modules */ = {
			isa = PBXGroup;
			children = (
				58E308252A16DE7800C500E5 /* Jokes */,
				58A9976F2A425B7600453026 /* JokesView */,
				58E308242A16DE7800C500E5 /* RequestMaker */,
			);
			path = Modules;
			sourceTree = "<group>";
		};
/* End PBXGroup section */

/* Begin PBXNativeTarget section */
		58C426FF2A14F9EA000C3F56 /* JokeGenerator */ = {
			isa = PBXNativeTarget;
			buildConfigurationList = 58C427242A14F9F5000C3F56 /* Build configuration list for PBXNativeTarget "JokeGenerator" */;
			buildPhases = (
				58C426FC2A14F9EA000C3F56 /* Sources */,
				58C426FD2A14F9EA000C3F56 /* Frameworks */,
				58C426FE2A14F9EA000C3F56 /* Resources */,
			);
			buildRules = (
			);
			dependencies = (
			);
			name = JokeGenerator;
			packageProductDependencies = (
				584E87BA2A3D10F200AE02BC /* Jokes */,
				58A997742A425F7D00453026 /* JokesView */,
				58A997762A425F7D00453026 /* RequestMaker */,
			);
			productName = SwiftUIAndTDDExample;
			productReference = 58C427002A14F9EA000C3F56 /* JokeGenerator.app */;
			productType = "com.apple.product-type.application";
		};
		58C4270F2A14F9F5000C3F56 /* JokeGeneratorTests */ = {
			isa = PBXNativeTarget;
			buildConfigurationList = 58C427272A14F9F5000C3F56 /* Build configuration list for PBXNativeTarget "JokeGeneratorTests" */;
			buildPhases = (
				58C4270C2A14F9F5000C3F56 /* Sources */,
				58C4270D2A14F9F5000C3F56 /* Frameworks */,
				58C4270E2A14F9F5000C3F56 /* Resources */,
			);
			buildRules = (
			);
			dependencies = (
				58C427122A14F9F5000C3F56 /* PBXTargetDependency */,
			);
			name = JokeGeneratorTests;
			productName = SwiftUIAndTDDExampleTests;
			productReference = 58C427102A14F9F5000C3F56 /* JokeGeneratorTests.xctest */;
			productType = "com.apple.product-type.bundle.unit-test";
		};
/* End PBXNativeTarget section */

/* Begin PBXProject section */
		58C426F82A14F9E9000C3F56 /* Project object */ = {
			isa = PBXProject;
			attributes = {
				BuildIndependentTargetsInParallel = 1;
				LastSwiftUpdateCheck = 1420;
				LastUpgradeCheck = 1500;
				TargetAttributes = {
					58C426FF2A14F9EA000C3F56 = {
						CreatedOnToolsVersion = 14.2;
					};
					58C4270F2A14F9F5000C3F56 = {
						CreatedOnToolsVersion = 14.2;
						TestTargetID = 58C426FF2A14F9EA000C3F56;
					};
				};
			};
			buildConfigurationList = 58C426FB2A14F9E9000C3F56 /* Build configuration list for PBXProject "JokeGenerator" */;
			compatibilityVersion = "Xcode 14.0";
			developmentRegion = en;
			hasScannedForEncodings = 0;
			knownRegions = (
				en,
				Base,
			);
			mainGroup = 58C426F72A14F9E9000C3F56;
			productRefGroup = 58C427012A14F9EA000C3F56 /* Products */;
			projectDirPath = "";
			projectRoot = "";
			targets = (
				58C426FF2A14F9EA000C3F56 /* JokeGenerator */,
				58C4270F2A14F9F5000C3F56 /* JokeGeneratorTests */,
			);
		};
/* End PBXProject section */

/* Begin PBXResourcesBuildPhase section */
		58C426FE2A14F9EA000C3F56 /* Resources */ = {
			isa = PBXResourcesBuildPhase;
			buildActionMask = 2147483647;
			files = (
				58C4270B2A14F9F4000C3F56 /* Preview Assets.xcassets in Resources */,
				58E308272A16DE7800C500E5 /* Jokes in Resources */,
				58E308262A16DE7800C500E5 /* RequestMaker in Resources */,
				58C427082A14F9F4000C3F56 /* Assets.xcassets in Resources */,
			);
			runOnlyForDeploymentPostprocessing = 0;
		};
		58C4270E2A14F9F5000C3F56 /* Resources */ = {
			isa = PBXResourcesBuildPhase;
			buildActionMask = 2147483647;
			files = (
			);
			runOnlyForDeploymentPostprocessing = 0;
		};
/* End PBXResourcesBuildPhase section */

/* Begin PBXSourcesBuildPhase section */
		58C426FC2A14F9EA000C3F56 /* Sources */ = {
			isa = PBXSourcesBuildPhase;
			buildActionMask = 2147483647;
			files = (
				58C427062A14F9EA000C3F56 /* ContentView.swift in Sources */,
				58A8255E2A60A1AE006A8FF1 /* PreviewJokesViewViewModel.swift in Sources */,
				58582D2E2A50747100B227ED /* ViewFactory.swift in Sources */,
				58582D2B2A50740900B227ED /* AppJokesViewViewModel.swift in Sources */,
				58582D292A5073AC00B227ED /* ViewModelFactory.swift in Sources */,
				58C427042A14F9EA000C3F56 /* JokeGeneratorApp.swift in Sources */,
				58A9976C2A425A2D00453026 /* AppContainer.swift in Sources */,
			);
			runOnlyForDeploymentPostprocessing = 0;
		};
		58C4270C2A14F9F5000C3F56 /* Sources */ = {
			isa = PBXSourcesBuildPhase;
			buildActionMask = 2147483647;
			files = (
				58A9977B2A436B4300453026 /* AppJokesViewViewModelTests.swift in Sources */,
			);
			runOnlyForDeploymentPostprocessing = 0;
		};
/* End PBXSourcesBuildPhase section */

/* Begin PBXTargetDependency section */
		58C427122A14F9F5000C3F56 /* PBXTargetDependency */ = {
			isa = PBXTargetDependency;
			target = 58C426FF2A14F9EA000C3F56 /* JokeGenerator */;
			targetProxy = 58C427112A14F9F5000C3F56 /* PBXContainerItemProxy */;
		};
/* End PBXTargetDependency section */

/* Begin XCBuildConfiguration section */
		58C427222A14F9F5000C3F56 /* Debug */ = {
			isa = XCBuildConfiguration;
			buildSettings = {
				ALWAYS_SEARCH_USER_PATHS = NO;
				ASSETCATALOG_COMPILER_GENERATE_SWIFT_ASSET_SYMBOL_EXTENSIONS = YES;
				CLANG_ANALYZER_NONNULL = YES;
				CLANG_ANALYZER_NUMBER_OBJECT_CONVERSION = YES_AGGRESSIVE;
				CLANG_CXX_LANGUAGE_STANDARD = "gnu++20";
				CLANG_ENABLE_MODULES = YES;
				CLANG_ENABLE_OBJC_ARC = YES;
				CLANG_ENABLE_OBJC_WEAK = YES;
				CLANG_WARN_BLOCK_CAPTURE_AUTORELEASING = YES;
				CLANG_WARN_BOOL_CONVERSION = YES;
				CLANG_WARN_COMMA = YES;
				CLANG_WARN_CONSTANT_CONVERSION = YES;
				CLANG_WARN_DEPRECATED_OBJC_IMPLEMENTATIONS = YES;
				CLANG_WARN_DIRECT_OBJC_ISA_USAGE = YES_ERROR;
				CLANG_WARN_DOCUMENTATION_COMMENTS = YES;
				CLANG_WARN_EMPTY_BODY = YES;
				CLANG_WARN_ENUM_CONVERSION = YES;
				CLANG_WARN_INFINITE_RECURSION = YES;
				CLANG_WARN_INT_CONVERSION = YES;
				CLANG_WARN_NON_LITERAL_NULL_CONVERSION = YES;
				CLANG_WARN_OBJC_IMPLICIT_RETAIN_SELF = YES;
				CLANG_WARN_OBJC_LITERAL_CONVERSION = YES;
				CLANG_WARN_OBJC_ROOT_CLASS = YES_ERROR;
				CLANG_WARN_QUOTED_INCLUDE_IN_FRAMEWORK_HEADER = YES;
				CLANG_WARN_RANGE_LOOP_ANALYSIS = YES;
				CLANG_WARN_STRICT_PROTOTYPES = YES;
				CLANG_WARN_SUSPICIOUS_MOVE = YES;
				CLANG_WARN_UNGUARDED_AVAILABILITY = YES_AGGRESSIVE;
				CLANG_WARN_UNREACHABLE_CODE = YES;
				CLANG_WARN__DUPLICATE_METHOD_MATCH = YES;
				COPY_PHASE_STRIP = NO;
				DEBUG_INFORMATION_FORMAT = dwarf;
				ENABLE_STRICT_OBJC_MSGSEND = YES;
				ENABLE_TESTABILITY = YES;
				ENABLE_USER_SCRIPT_SANDBOXING = YES;
				GCC_C_LANGUAGE_STANDARD = gnu11;
				GCC_DYNAMIC_NO_PIC = NO;
				GCC_NO_COMMON_BLOCKS = YES;
				GCC_OPTIMIZATION_LEVEL = 0;
				GCC_PREPROCESSOR_DEFINITIONS = (
					"DEBUG=1",
					"$(inherited)",
				);
				GCC_WARN_64_TO_32_BIT_CONVERSION = YES;
				GCC_WARN_ABOUT_RETURN_TYPE = YES_ERROR;
				GCC_WARN_UNDECLARED_SELECTOR = YES;
				GCC_WARN_UNINITIALIZED_AUTOS = YES_AGGRESSIVE;
				GCC_WARN_UNUSED_FUNCTION = YES;
				GCC_WARN_UNUSED_VARIABLE = YES;
				IPHONEOS_DEPLOYMENT_TARGET = 17.0;
				MTL_ENABLE_DEBUG_INFO = INCLUDE_SOURCE;
				MTL_FAST_MATH = YES;
				ONLY_ACTIVE_ARCH = YES;
				SDKROOT = iphoneos;
				SWIFT_ACTIVE_COMPILATION_CONDITIONS = DEBUG;
				SWIFT_OPTIMIZATION_LEVEL = "-Onone";
			};
			name = Debug;
		};
		58C427232A14F9F5000C3F56 /* Release */ = {
			isa = XCBuildConfiguration;
			buildSettings = {
				ALWAYS_SEARCH_USER_PATHS = NO;
				ASSETCATALOG_COMPILER_GENERATE_SWIFT_ASSET_SYMBOL_EXTENSIONS = YES;
				CLANG_ANALYZER_NONNULL = YES;
				CLANG_ANALYZER_NUMBER_OBJECT_CONVERSION = YES_AGGRESSIVE;
				CLANG_CXX_LANGUAGE_STANDARD = "gnu++20";
				CLANG_ENABLE_MODULES = YES;
				CLANG_ENABLE_OBJC_ARC = YES;
				CLANG_ENABLE_OBJC_WEAK = YES;
				CLANG_WARN_BLOCK_CAPTURE_AUTORELEASING = YES;
				CLANG_WARN_BOOL_CONVERSION = YES;
				CLANG_WARN_COMMA = YES;
				CLANG_WARN_CONSTANT_CONVERSION = YES;
				CLANG_WARN_DEPRECATED_OBJC_IMPLEMENTATIONS = YES;
				CLANG_WARN_DIRECT_OBJC_ISA_USAGE = YES_ERROR;
				CLANG_WARN_DOCUMENTATION_COMMENTS = YES;
				CLANG_WARN_EMPTY_BODY = YES;
				CLANG_WARN_ENUM_CONVERSION = YES;
				CLANG_WARN_INFINITE_RECURSION = YES;
				CLANG_WARN_INT_CONVERSION = YES;
				CLANG_WARN_NON_LITERAL_NULL_CONVERSION = YES;
				CLANG_WARN_OBJC_IMPLICIT_RETAIN_SELF = YES;
				CLANG_WARN_OBJC_LITERAL_CONVERSION = YES;
				CLANG_WARN_OBJC_ROOT_CLASS = YES_ERROR;
				CLANG_WARN_QUOTED_INCLUDE_IN_FRAMEWORK_HEADER = YES;
				CLANG_WARN_RANGE_LOOP_ANALYSIS = YES;
				CLANG_WARN_STRICT_PROTOTYPES = YES;
				CLANG_WARN_SUSPICIOUS_MOVE = YES;
				CLANG_WARN_UNGUARDED_AVAILABILITY = YES_AGGRESSIVE;
				CLANG_WARN_UNREACHABLE_CODE = YES;
				CLANG_WARN__DUPLICATE_METHOD_MATCH = YES;
				COPY_PHASE_STRIP = NO;
				DEBUG_INFORMATION_FORMAT = "dwarf-with-dsym";
				ENABLE_NS_ASSERTIONS = NO;
				ENABLE_STRICT_OBJC_MSGSEND = YES;
				ENABLE_USER_SCRIPT_SANDBOXING = YES;
				GCC_C_LANGUAGE_STANDARD = gnu11;
				GCC_NO_COMMON_BLOCKS = YES;
				GCC_WARN_64_TO_32_BIT_CONVERSION = YES;
				GCC_WARN_ABOUT_RETURN_TYPE = YES_ERROR;
				GCC_WARN_UNDECLARED_SELECTOR = YES;
				GCC_WARN_UNINITIALIZED_AUTOS = YES_AGGRESSIVE;
				GCC_WARN_UNUSED_FUNCTION = YES;
				GCC_WARN_UNUSED_VARIABLE = YES;
				IPHONEOS_DEPLOYMENT_TARGET = 17.0;
				MTL_ENABLE_DEBUG_INFO = NO;
				MTL_FAST_MATH = YES;
				SDKROOT = iphoneos;
				SWIFT_COMPILATION_MODE = wholemodule;
				SWIFT_OPTIMIZATION_LEVEL = "-O";
				VALIDATE_PRODUCT = YES;
			};
			name = Release;
		};
		58C427252A14F9F5000C3F56 /* Debug */ = {
			isa = XCBuildConfiguration;
			buildSettings = {
				ASSETCATALOG_COMPILER_APPICON_NAME = AppIcon;
				ASSETCATALOG_COMPILER_GLOBAL_ACCENT_COLOR_NAME = AccentColor;
				CODE_SIGN_STYLE = Automatic;
				CURRENT_PROJECT_VERSION = 1;
				DEVELOPMENT_ASSET_PATHS = "\"JokeGenerator/Preview Content\"";
				DEVELOPMENT_TEAM = SR5D6FC58T;
				ENABLE_PREVIEWS = YES;
				GENERATE_INFOPLIST_FILE = YES;
				INFOPLIST_KEY_UIApplicationSceneManifest_Generation = YES;
				INFOPLIST_KEY_UIApplicationSupportsIndirectInputEvents = YES;
				INFOPLIST_KEY_UILaunchScreen_Generation = YES;
				INFOPLIST_KEY_UISupportedInterfaceOrientations_iPad = "UIInterfaceOrientationPortrait UIInterfaceOrientationPortraitUpsideDown UIInterfaceOrientationLandscapeLeft UIInterfaceOrientationLandscapeRight";
				INFOPLIST_KEY_UISupportedInterfaceOrientations_iPhone = "UIInterfaceOrientationPortrait UIInterfaceOrientationLandscapeLeft UIInterfaceOrientationLandscapeRight";
				IPHONEOS_DEPLOYMENT_TARGET = 17.0;
				LD_RUNPATH_SEARCH_PATHS = (
					"$(inherited)",
					"@executable_path/Frameworks",
				);
				MARKETING_VERSION = 1.0;
				PRODUCT_BUNDLE_IDENTIFIER = name.kayley.JokeGenerator;
				PRODUCT_NAME = "$(TARGET_NAME)";
				SWIFT_EMIT_LOC_STRINGS = YES;
				SWIFT_VERSION = 5.0;
				TARGETED_DEVICE_FAMILY = "1,2";
			};
			name = Debug;
		};
		58C427262A14F9F5000C3F56 /* Release */ = {
			isa = XCBuildConfiguration;
			buildSettings = {
				ASSETCATALOG_COMPILER_APPICON_NAME = AppIcon;
				ASSETCATALOG_COMPILER_GLOBAL_ACCENT_COLOR_NAME = AccentColor;
				CODE_SIGN_STYLE = Automatic;
				CURRENT_PROJECT_VERSION = 1;
				DEVELOPMENT_ASSET_PATHS = "\"JokeGenerator/Preview Content\"";
				DEVELOPMENT_TEAM = SR5D6FC58T;
				ENABLE_PREVIEWS = YES;
				GENERATE_INFOPLIST_FILE = YES;
				INFOPLIST_KEY_UIApplicationSceneManifest_Generation = YES;
				INFOPLIST_KEY_UIApplicationSupportsIndirectInputEvents = YES;
				INFOPLIST_KEY_UILaunchScreen_Generation = YES;
				INFOPLIST_KEY_UISupportedInterfaceOrientations_iPad = "UIInterfaceOrientationPortrait UIInterfaceOrientationPortraitUpsideDown UIInterfaceOrientationLandscapeLeft UIInterfaceOrientationLandscapeRight";
				INFOPLIST_KEY_UISupportedInterfaceOrientations_iPhone = "UIInterfaceOrientationPortrait UIInterfaceOrientationLandscapeLeft UIInterfaceOrientationLandscapeRight";
				IPHONEOS_DEPLOYMENT_TARGET = 17.0;
				LD_RUNPATH_SEARCH_PATHS = (
					"$(inherited)",
					"@executable_path/Frameworks",
				);
				MARKETING_VERSION = 1.0;
				PRODUCT_BUNDLE_IDENTIFIER = name.kayley.JokeGenerator;
				PRODUCT_NAME = "$(TARGET_NAME)";
				SWIFT_EMIT_LOC_STRINGS = YES;
				SWIFT_VERSION = 5.0;
				TARGETED_DEVICE_FAMILY = "1,2";
			};
			name = Release;
		};
		58C427282A14F9F5000C3F56 /* Debug */ = {
			isa = XCBuildConfiguration;
			buildSettings = {
				ALWAYS_EMBED_SWIFT_STANDARD_LIBRARIES = YES;
				BUNDLE_LOADER = "$(TEST_HOST)";
				CODE_SIGN_STYLE = Automatic;
				CURRENT_PROJECT_VERSION = 1;
				DEVELOPMENT_TEAM = SR5D6FC58T;
				GENERATE_INFOPLIST_FILE = YES;
				IPHONEOS_DEPLOYMENT_TARGET = 17.0;
				MARKETING_VERSION = 1.0;
				PRODUCT_BUNDLE_IDENTIFIER = name.kayley.JokeGeneratorTests;
				PRODUCT_NAME = "$(TARGET_NAME)";
				SWIFT_EMIT_LOC_STRINGS = NO;
				SWIFT_VERSION = 5.0;
				TARGETED_DEVICE_FAMILY = "1,2";
				TEST_HOST = "$(BUILT_PRODUCTS_DIR)/JokeGenerator.app/$(BUNDLE_EXECUTABLE_FOLDER_PATH)/JokeGenerator";
			};
			name = Debug;
		};
		58C427292A14F9F5000C3F56 /* Release */ = {
			isa = XCBuildConfiguration;
			buildSettings = {
				ALWAYS_EMBED_SWIFT_STANDARD_LIBRARIES = YES;
				BUNDLE_LOADER = "$(TEST_HOST)";
				CODE_SIGN_STYLE = Automatic;
				CURRENT_PROJECT_VERSION = 1;
				DEVELOPMENT_TEAM = SR5D6FC58T;
				GENERATE_INFOPLIST_FILE = YES;
				IPHONEOS_DEPLOYMENT_TARGET = 17.0;
				MARKETING_VERSION = 1.0;
				PRODUCT_BUNDLE_IDENTIFIER = name.kayley.JokeGeneratorTests;
				PRODUCT_NAME = "$(TARGET_NAME)";
				SWIFT_EMIT_LOC_STRINGS = NO;
				SWIFT_VERSION = 5.0;
				TARGETED_DEVICE_FAMILY = "1,2";
				TEST_HOST = "$(BUILT_PRODUCTS_DIR)/JokeGenerator.app/$(BUNDLE_EXECUTABLE_FOLDER_PATH)/JokeGenerator";
			};
			name = Release;
		};
/* End XCBuildConfiguration section */

/* Begin XCConfigurationList section */
		58C426FB2A14F9E9000C3F56 /* Build configuration list for PBXProject "JokeGenerator" */ = {
			isa = XCConfigurationList;
			buildConfigurations = (
				58C427222A14F9F5000C3F56 /* Debug */,
				58C427232A14F9F5000C3F56 /* Release */,
			);
			defaultConfigurationIsVisible = 0;
			defaultConfigurationName = Release;
		};
		58C427242A14F9F5000C3F56 /* Build configuration list for PBXNativeTarget "JokeGenerator" */ = {
			isa = XCConfigurationList;
			buildConfigurations = (
				58C427252A14F9F5000C3F56 /* Debug */,
				58C427262A14F9F5000C3F56 /* Release */,
			);
			defaultConfigurationIsVisible = 0;
			defaultConfigurationName = Release;
		};
		58C427272A14F9F5000C3F56 /* Build configuration list for PBXNativeTarget "JokeGeneratorTests" */ = {
			isa = XCConfigurationList;
			buildConfigurations = (
				58C427282A14F9F5000C3F56 /* Debug */,
				58C427292A14F9F5000C3F56 /* Release */,
			);
			defaultConfigurationIsVisible = 0;
			defaultConfigurationName = Release;
		};
/* End XCConfigurationList section */

/* Begin XCSwiftPackageProductDependency section */
		584E87BA2A3D10F200AE02BC /* Jokes */ = {
			isa = XCSwiftPackageProductDependency;
			productName = Jokes;
		};
		58A997742A425F7D00453026 /* JokesView */ = {
			isa = XCSwiftPackageProductDependency;
			productName = JokesView;
		};
		58A997762A425F7D00453026 /* RequestMaker */ = {
			isa = XCSwiftPackageProductDependency;
			productName = RequestMaker;
		};
/* End XCSwiftPackageProductDependency section */
	};
	rootObject = 58C426F82A14F9E9000C3F56 /* Project object */;
}
